
Microsoft Visual Studio Solution File, Format Version 12.00
# Visual Studio Version 17
VisualStudioVersion = 17.5.33627.172
MinimumVisualStudioVersion = 10.0.40219.1
Project("{9A19103F-16F7-4668-BE54-9A1E7A4F7556}") = "community_canvas_sk_v1_Android", "Projects\Android\community_canvas_sk_v1_Android.csproj", "{5BF1FFDE-33B5-4AC2-A5C1-D00088583539}"
EndProject
Project("{9A19103F-16F7-4668-BE54-9A1E7A4F7556}") = "community_canvas_sk_v1", "community_canvas_sk_v1.csproj", "{4AAD88F0-ED23-4BAC-969A-AEB7533ED907}"
EndProject
Global
	GlobalSection(SolutionConfigurationPlatforms) = preSolution
		Debug|Any CPU = Debug|Any CPU
		Release|Any CPU = Release|Any CPU
	EndGlobalSection
	GlobalSection(ProjectConfigurationPlatforms) = postSolution
		{5BF1FFDE-33B5-4AC2-A5C1-D00088583539}.Debug|Any CPU.ActiveCfg = Debug|Any CPU
		{5BF1FFDE-33B5-4AC2-A5C1-D00088583539}.Debug|Any CPU.Build.0 = Debug|Any CPU
		{5BF1FFDE-33B5-4AC2-A5C1-D00088583539}.Debug|Any CPU.Deploy.0 = Debug|Any CPU
		{5BF1FFDE-33B5-4AC2-A5C1-D00088583539}.Release|Any CPU.ActiveCfg = Release|Any CPU
		{5BF1FFDE-33B5-4AC2-A5C1-D00088583539}.Release|Any CPU.Build.0 = Release|Any CPU
		{5BF1FFDE-33B5-4AC2-A5C1-D00088583539}.Release|Any CPU.Deploy.0 = Release|Any CPU
		{4AAD88F0-ED23-4BAC-969A-AEB7533ED907}.Debug|Any CPU.ActiveCfg = Debug|Any CPU
		{4AAD88F0-ED23-4BAC-969A-AEB7533ED907}.Debug|Any CPU.Build.0 = Debug|Any CPU
		{4AAD88F0-ED23-4BAC-969A-AEB7533ED907}.Release|Any CPU.ActiveCfg = Release|Any CPU
		{4AAD88F0-ED23-4BAC-969A-AEB7533ED907}.Release|Any CPU.Build.0 = Release|Any CPU
	EndGlobalSection
	GlobalSection(SolutionProperties) = preSolution
		HideSolutionNode = FALSE
	EndGlobalSection
	GlobalSection(ExtensibilityGlobals) = postSolution
		SolutionGuid = {F05ECE56-ECD4-4630-8E5B-EB5BC9CD60ED}
	EndGlobalSection
EndGlobal
